// !$*UTF8*$!
{
	archiveVersion = 1;
	classes = {
	};
	objectVersion = 56;
	objects = {

/* Begin PBXBuildFile section */
		8CDB5F9C2A85A420009F520E /* AppDelegate.swift in Sources */ = {isa = PBXBuildFile; fileRef = 8CDB5F9B2A85A420009F520E /* AppDelegate.swift */; };
		8CDB5F9E2A85A420009F520E /* SceneDelegate.swift in Sources */ = {isa = PBXBuildFile; fileRef = 8CDB5F9D2A85A420009F520E /* SceneDelegate.swift */; };
		8CDB5FA02A85A420009F520E /* ViewController.swift in Sources */ = {isa = PBXBuildFile; fileRef = 8CDB5F9F2A85A420009F520E /* ViewController.swift */; };
		8CDB5FA32A85A420009F520E /* Main.storyboard in Resources */ = {isa = PBXBuildFile; fileRef = 8CDB5FA12A85A420009F520E /* Main.storyboard */; };
		8CDB5FA52A85A421009F520E /* Assets.xcassets in Resources */ = {isa = PBXBuildFile; fileRef = 8CDB5FA42A85A421009F520E /* Assets.xcassets */; };
		8CDB5FA82A85A421009F520E /* LaunchScreen.storyboard in Resources */ = {isa = PBXBuildFile; fileRef = 8CDB5FA62A85A421009F520E /* LaunchScreen.storyboard */; };
		8CDB5FB02A85A437009F520E /* Shop.swift in Sources */ = {isa = PBXBuildFile; fileRef = 8CDB5FAF2A85A437009F520E /* Shop.swift */; };
		8CDB5FB22A85A44C009F520E /* TableViewController.swift in Sources */ = {isa = PBXBuildFile; fileRef = 8CDB5FB12A85A44B009F520E /* TableViewController.swift */; };
/* End PBXBuildFile section */

/* Begin PBXFileReference section */
		8CDB5F982A85A420009F520E /* MapKitProject.app */ = {isa = PBXFileReference; explicitFileType = wrapper.application; includeInIndex = 0; path = MapKitProject.app; sourceTree = BUILT_PRODUCTS_DIR; };
		8CDB5F9B2A85A420009F520E /* AppDelegate.swift */ = {isa = PBXFileReference; lastKnownFileType = sourcecode.swift; path = AppDelegate.swift; sourceTree = "<group>"; };
		8CDB5F9D2A85A420009F520E /* SceneDelegate.swift */ = {isa = PBXFileReference; lastKnownFileType = sourcecode.swift; path = SceneDelegate.swift; sourceTree = "<group>"; };
		8CDB5F9F2A85A420009F520E /* ViewController.swift */ = {isa = PBXFileReference; lastKnownFileType = sourcecode.swift; path = ViewController.swift; sourceTree = "<group>"; };
		8CDB5FA22A85A420009F520E /* Base */ = {isa = PBXFileReference; lastKnownFileType = file.storyboard; name = Base; path = Base.lproj/Main.storyboard; sourceTree = "<group>"; };
		8CDB5FA42A85A421009F520E /* Assets.xcassets */ = {isa = PBXFileReference; lastKnownFileType = folder.assetcatalog; path = Assets.xcassets; sourceTree = "<group>"; };
		8CDB5FA72A85A421009F520E /* Base */ = {isa = PBXFileReference; lastKnownFileType = file.storyboard; name = Base; path = Base.lproj/LaunchScreen.storyboard; sourceTree = "<group>"; };
		8CDB5FA92A85A421009F520E /* Info.plist */ = {isa = PBXFileReference; lastKnownFileType = text.plist.xml; path = Info.plist; sourceTree = "<group>"; };
		8CDB5FAF2A85A437009F520E /* Shop.swift */ = {isa = PBXFileReference; lastKnownFileType = sourcecode.swift; path = Shop.swift; sourceTree = "<group>"; };
		8CDB5FB12A85A44B009F520E /* TableViewController.swift */ = {isa = PBXFileReference; lastKnownFileType = sourcecode.swift; path = TableViewController.swift; sourceTree = "<group>"; };
/* End PBXFileReference section */

/* Begin PBXFrameworksBuildPhase section */
		8CDB5F952A85A420009F520E /* Frameworks */ = {
			isa = PBXFrameworksBuildPhase;
			buildActionMask = 2147483647;
			files = (
			);
			runOnlyForDeploymentPostprocessing = 0;
		};
/* End PBXFrameworksBuildPhase section */

/* Begin PBXGroup section */
		8CDB5F8F2A85A420009F520E = {
			isa = PBXGroup;
			children = (
				8CDB5F9A2A85A420009F520E /* MapKitProject */,
				8CDB5F992A85A420009F520E /* Products */,
			);
			sourceTree = "<group>";
		};
		8CDB5F992A85A420009F520E /* Products */ = {
			isa = PBXGroup;
			children = (
				8CDB5F982A85A420009F520E /* MapKitProject.app */,
			);
			name = Products;
			sourceTree = "<group>";
		};
		8CDB5F9A2A85A420009F520E /* MapKitProject */ = {
			isa = PBXGroup;
			children = (
				8CDB5F9B2A85A420009F520E /* AppDelegate.swift */,
				8CDB5F9D2A85A420009F520E /* SceneDelegate.swift */,
				8CDB5F9F2A85A420009F520E /* ViewController.swift */,
				8CDB5FB12A85A44B009F520E /* TableViewController.swift */,
				8CDB5FAF2A85A437009F520E /* Shop.swift */,
				8CDB5FA12A85A420009F520E /* Main.storyboard */,
				8CDB5FA42A85A421009F520E /* Assets.xcassets */,
				8CDB5FA62A85A421009F520E /* LaunchScreen.storyboard */,
				8CDB5FA92A85A421009F520E /* Info.plist */,
			);
			path = MapKitProject;
			sourceTree = "<group>";
		};
/* End PBXGroup section */

/* Begin PBXNativeTarget section */
		8CDB5F972A85A420009F520E /* MapKitProject */ = {
			isa = PBXNativeTarget;
			buildConfigurationList = 8CDB5FAC2A85A421009F520E /* Build configuration list for PBXNativeTarget "MapKitProject" */;
			buildPhases = (
				8CDB5F942A85A420009F520E /* Sources */,
				8CDB5F952A85A420009F520E /* Frameworks */,
				8CDB5F962A85A420009F520E /* Resources */,
			);
			buildRules = (
			);
			dependencies = (
			);
			name = MapKitProject;
			productName = MapKitProject;
			productReference = 8CDB5F982A85A420009F520E /* MapKitProject.app */;
			productType = "com.apple.product-type.application";
		};
/* End PBXNativeTarget section */

/* Begin PBXProject section */
		8CDB5F902A85A420009F520E /* Project object */ = {
			isa = PBXProject;
			attributes = {
				BuildIndependentTargetsInParallel = 1;
				LastSwiftUpdateCheck = 1430;
				LastUpgradeCheck = 1430;
				TargetAttributes = {
					8CDB5F972A85A420009F520E = {
						CreatedOnToolsVersion = 14.3.1;
					};
				};
			};
			buildConfigurationList = 8CDB5F932A85A420009F520E /* Build configuration list for PBXProject "MapKitProject" */;
			compatibilityVersion = "Xcode 14.0";
			developmentRegion = en;
			hasScannedForEncodings = 0;
			knownRegions = (
				en,
				Base,
			);
			mainGroup = 8CDB5F8F2A85A420009F520E;
			productRefGroup = 8CDB5F992A85A420009F520E /* Products */;
			projectDirPath = "";
			projectRoot = "";
			targets = (
				8CDB5F972A85A420009F520E /* MapKitProject */,
			);
		};
/* End PBXProject section */

/* Begin PBXResourcesBuildPhase section */
		8CDB5F962A85A420009F520E /* Resources */ = {
			isa = PBXResourcesBuildPhase;
			buildActionMask = 2147483647;
			files = (
				8CDB5FA82A85A421009F520E /* LaunchScreen.storyboard in Resources */,
				8CDB5FA52A85A421009F520E /* Assets.xcassets in Resources */,
				8CDB5FA32A85A420009F520E /* Main.storyboard in Resources */,
			);
			runOnlyForDeploymentPostprocessing = 0;
		};
/* End PBXResourcesBuildPhase section */

/* Begin PBXSourcesBuildPhase section */
		8CDB5F942A85A420009F520E /* Sources */ = {
			isa = PBXSourcesBuildPhase;
			buildActionMask = 2147483647;
			files = (
				8CDB5FA02A85A420009F520E /* ViewController.swift in Sources */,
				8CDB5F9C2A85A420009F520E /* AppDelegate.swift in Sources */,
				8CDB5F9E2A85A420009F520E /* SceneDelegate.swift in Sources */,
				8CDB5FB22A85A44C009F520E /* TableViewController.swift in Sources */,
				8CDB5FB02A85A437009F520E /* Shop.swift in Sources */,
			);
			runOnlyForDeploymentPostprocessing = 0;
		};
/* End PBXSourcesBuildPhase section */

/* Begin PBXVariantGroup section */
		8CDB5FA12A85A420009F520E /* Main.storyboard */ = {
			isa = PBXVariantGroup;
			children = (
				8CDB5FA22A85A420009F520E /* Base */,
			);
			name = Main.storyboard;
			sourceTree = "<group>";
		};
		8CDB5FA62A85A421009F520E /* LaunchScreen.storyboard */ = {
			isa = PBXVariantGroup;
			children = (
				8CDB5FA72A85A421009F520E /* Base */,
			);
			name = LaunchScreen.storyboard;
			sourceTree = "<group>";
		};
/* End PBXVariantGroup section */

/* Begin XCBuildConfiguration section */
		8CDB5FAA2A85A421009F520E /* Debug */ = {
			isa = XCBuildConfiguration;
			buildSettings = {
				ALWAYS_SEARCH_USER_PATHS = NO;
				CLANG_ANALYZER_NONNULL = YES;
				CLANG_ANALYZER_NUMBER_OBJECT_CONVERSION = YES_AGGRESSIVE;
				CLANG_CXX_LANGUAGE_STANDARD = "gnu++20";
				CLANG_ENABLE_MODULES = YES;
				CLANG_ENABLE_OBJC_ARC = YES;
				CLANG_ENABLE_OBJC_WEAK = YES;
				CLANG_WARN_BLOCK_CAPTURE_AUTORELEASING = YES;
				CLANG_WARN_BOOL_CONVERSION = YES;
				CLANG_WARN_COMMA = YES;
				CLANG_WARN_CONSTANT_CONVERSION = YES;
				CLANG_WARN_DEPRECATED_OBJC_IMPLEMENTATIONS = YES;
				CLANG_WARN_DIRECT_OBJC_ISA_USAGE = YES_ERROR;
				CLANG_WARN_DOCUMENTATION_COMMENTS = YES;
				CLANG_WARN_EMPTY_BODY = YES;
				CLANG_WARN_ENUM_CONVERSION = YES;
				CLANG_WARN_INFINITE_RECURSION = YES;
				CLANG_WARN_INT_CONVERSION = YES;
				CLANG_WARN_NON_LITERAL_NULL_CONVERSION = YES;
				CLANG_WARN_OBJC_IMPLICIT_RETAIN_SELF = YES;
				CLANG_WARN_OBJC_LITERAL_CONVERSION = YES;
				CLANG_WARN_OBJC_ROOT_CLASS = YES_ERROR;
				CLANG_WARN_QUOTED_INCLUDE_IN_FRAMEWORK_HEADER = YES;
				CLANG_WARN_RANGE_LOOP_ANALYSIS = YES;
				CLANG_WARN_STRICT_PROTOTYPES = YES;
				CLANG_WARN_SUSPICIOUS_MOVE = YES;
				CLANG_WARN_UNGUARDED_AVAILABILITY = YES_AGGRESSIVE;
				CLANG_WARN_UNREACHABLE_CODE = YES;
				CLANG_WARN__DUPLICATE_METHOD_MATCH = YES;
				COPY_PHASE_STRIP = NO;
				DEBUG_INFORMATION_FORMAT = dwarf;
				ENABLE_STRICT_OBJC_MSGSEND = YES;
				ENABLE_TESTABILITY = YES;
				GCC_C_LANGUAGE_STANDARD = gnu11;
				GCC_DYNAMIC_NO_PIC = NO;
				GCC_NO_COMMON_BLOCKS = YES;
				GCC_OPTIMIZATION_LEVEL = 0;
				GCC_PREPROCESSOR_DEFINITIONS = (
					"DEBUG=1",
					"$(inherited)",
				);
				GCC_WARN_64_TO_32_BIT_CONVERSION = YES;
				GCC_WARN_ABOUT_RETURN_TYPE = YES_ERROR;
				GCC_WARN_UNDECLARED_SELECTOR = YES;
				GCC_WARN_UNINITIALIZED_AUTOS = YES_AGGRESSIVE;
				GCC_WARN_UNUSED_FUNCTION = YES;
				GCC_WARN_UNUSED_VARIABLE = YES;
				IPHONEOS_DEPLOYMENT_TARGET = 16.4;
				MTL_ENABLE_DEBUG_INFO = INCLUDE_SOURCE;
				MTL_FAST_MATH = YES;
				ONLY_ACTIVE_ARCH = YES;
				SDKROOT = iphoneos;
				SWIFT_ACTIVE_COMPILATION_CONDITIONS = DEBUG;
				SWIFT_OPTIMIZATION_LEVEL = "-Onone";
			};
			name = Debug;
		};
		8CDB5FAB2A85A421009F520E /* Release */ = {
			isa = XCBuildConfiguration;
			buildSettings = {
				ALWAYS_SEARCH_USER_PATHS = NO;
				CLANG_ANALYZER_NONNULL = YES;
				CLANG_ANALYZER_NUMBER_OBJECT_CONVERSION = YES_AGGRESSIVE;
				CLANG_CXX_LANGUAGE_STANDARD = "gnu++20";
				CLANG_ENABLE_MODULES = YES;
				CLANG_ENABLE_OBJC_ARC = YES;
				CLANG_ENABLE_OBJC_WEAK = YES;
				CLANG_WARN_BLOCK_CAPTURE_AUTORELEASING = YES;
				CLANG_WARN_BOOL_CONVERSION = YES;
				CLANG_WARN_COMMA = YES;
				CLANG_WARN_CONSTANT_CONVERSION = YES;
				CLANG_WARN_DEPRECATED_OBJC_IMPLEMENTATIONS = YES;
				CLANG_WARN_DIRECT_OBJC_ISA_USAGE = YES_ERROR;
				CLANG_WARN_DOCUMENTATION_COMMENTS = YES;
				CLANG_WARN_EMPTY_BODY = YES;
				CLANG_WARN_ENUM_CONVERSION = YES;
				CLANG_WARN_INFINITE_RECURSION = YES;
				CLANG_WARN_INT_CONVERSION = YES;
				CLANG_WARN_NON_LITERAL_NULL_CONVERSION = YES;
				CLANG_WARN_OBJC_IMPLICIT_RETAIN_SELF = YES;
				CLANG_WARN_OBJC_LITERAL_CONVERSION = YES;
				CLANG_WARN_OBJC_ROOT_CLASS = YES_ERROR;
				CLANG_WARN_QUOTED_INCLUDE_IN_FRAMEWORK_HEADER = YES;
				CLANG_WARN_RANGE_LOOP_ANALYSIS = YES;
				CLANG_WARN_STRICT_PROTOTYPES = YES;
				CLANG_WARN_SUSPICIOUS_MOVE = YES;
				CLANG_WARN_UNGUARDED_AVAILABILITY = YES_AGGRESSIVE;
				CLANG_WARN_UNREACHABLE_CODE = YES;
				CLANG_WARN__DUPLICATE_METHOD_MATCH = YES;
				COPY_PHASE_STRIP = NO;
				DEBUG_INFORMATION_FORMAT = "dwarf-with-dsym";
				ENABLE_NS_ASSERTIONS = NO;
				ENABLE_STRICT_OBJC_MSGSEND = YES;
				GCC_C_LANGUAGE_STANDARD = gnu11;
				GCC_NO_COMMON_BLOCKS = YES;
				GCC_WARN_64_TO_32_BIT_CONVERSION = YES;
				GCC_WARN_ABOUT_RETURN_TYPE = YES_ERROR;
				GCC_WARN_UNDECLARED_SELECTOR = YES;
				GCC_WARN_UNINITIALIZED_AUTOS = YES_AGGRESSIVE;
				GCC_WARN_UNUSED_FUNCTION = YES;
				GCC_WARN_UNUSED_VARIABLE = YES;
				IPHONEOS_DEPLOYMENT_TARGET = 16.4;
				MTL_ENABLE_DEBUG_INFO = NO;
				MTL_FAST_MATH = YES;
				SDKROOT = iphoneos;
				SWIFT_COMPILATION_MODE = wholemodule;
				SWIFT_OPTIMIZATION_LEVEL = "-O";
				VALIDATE_PRODUCT = YES;
			};
			name = Release;
		};
		8CDB5FAD2A85A421009F520E /* Debug */ = {
			isa = XCBuildConfiguration;
			buildSettings = {
				ASSETCATALOG_COMPILER_APPICON_NAME = AppIcon;
				ASSETCATALOG_COMPILER_GLOBAL_ACCENT_COLOR_NAME = AccentColor;
				CODE_SIGN_STYLE = Automatic;
				CURRENT_PROJECT_VERSION = 1;
				DEVELOPMENT_TEAM = KN2L3J7M83;
				GENERATE_INFOPLIST_FILE = YES;
				INFOPLIST_FILE = MapKitProject/Info.plist;
				INFOPLIST_KEY_UIApplicationSupportsIndirectInputEvents = YES;
				INFOPLIST_KEY_UILaunchStoryboardName = LaunchScreen;
				INFOPLIST_KEY_UIMainStoryboardFile = Main;
				INFOPLIST_KEY_UISupportedInterfaceOrientations_iPad = "UIInterfaceOrientationPortrait UIInterfaceOrientationPortraitUpsideDown UIInterfaceOrientationLandscapeLeft UIInterfaceOrientationLandscapeRight";
				INFOPLIST_KEY_UISupportedInterfaceOrientations_iPhone = "UIInterfaceOrientationPortrait UIInterfaceOrientationLandscapeLeft UIInterfaceOrientationLandscapeRight";
				LD_RUNPATH_SEARCH_PATHS = (
					"$(inherited)",
					"@executable_path/Frameworks",
				);
				MARKETING_VERSION = 1.0;
				PRODUCT_BUNDLE_IDENTIFIER = com.app.MapKitProject;
				PRODUCT_NAME = "$(TARGET_NAME)";
				SWIFT_EMIT_LOC_STRINGS = YES;
				SWIFT_VERSION = 5.0;
				TARGETED_DEVICE_FAMILY = "1,2";
			};
			name = Debug;
		};
		8CDB5FAE2A85A421009F520E /* Release */ = {
			isa = XCBuildConfiguration;
			buildSettings = {
				ASSETCATALOG_COMPILER_APPICON_NAME = AppIcon;
				ASSETCATALOG_COMPILER_GLOBAL_ACCENT_COLOR_NAME = AccentColor;
				CODE_SIGN_STYLE = Automatic;
				CURRENT_PROJECT_VERSION = 1;
				DEVELOPMENT_TEAM = KN2L3J7M83;
				GENERATE_INFOPLIST_FILE = YES;
				INFOPLIST_FILE = MapKitProject/Info.plist;
				INFOPLIST_KEY_UIApplicationSupportsIndirectInputEvents = YES;
				INFOPLIST_KEY_UILaunchStoryboardName = LaunchScreen;
				INFOPLIST_KEY_UIMainStoryboardFile = Main;
				INFOPLIST_KEY_UISupportedInterfaceOrientations_iPad = "UIInterfaceOrientationPortrait UIInterfaceOrientationPortraitUpsideDown UIInterfaceOrientationLandscapeLeft UIInterfaceOrientationLandscapeRight";
				INFOPLIST_KEY_UISupportedInterfaceOrientations_iPhone = "UIInterfaceOrientationPortrait UIInterfaceOrientationLandscapeLeft UIInterfaceOrientationLandscapeRight";
				LD_RUNPATH_SEARCH_PATHS = (
					"$(inherited)",
					"@executable_path/Frameworks",
				);
				MARKETING_VERSION = 1.0;
				PRODUCT_BUNDLE_IDENTIFIER = com.app.MapKitProject;
				PRODUCT_NAME = "$(TARGET_NAME)";
				SWIFT_EMIT_LOC_STRINGS = YES;
				SWIFT_VERSION = 5.0;
				TARGETED_DEVICE_FAMILY = "1,2";
			};
			name = Release;
		};
/* End XCBuildConfiguration section */

/* Begin XCConfigurationList section */
		8CDB5F932A85A420009F520E /* Build configuration list for PBXProject "MapKitProject" */ = {
			isa = XCConfigurationList;
			buildConfigurations = (
				8CDB5FAA2A85A421009F520E /* Debug */,
				8CDB5FAB2A85A421009F520E /* Release */,
			);
			defaultConfigurationIsVisible = 0;
			defaultConfigurationName = Release;
		};
		8CDB5FAC2A85A421009F520E /* Build configuration list for PBXNativeTarget "MapKitProject" */ = {
			isa = XCConfigurationList;
			buildConfigurations = (
				8CDB5FAD2A85A421009F520E /* Debug */,
				8CDB5FAE2A85A421009F520E /* Release */,
			);
			defaultConfigurationIsVisible = 0;
			defaultConfigurationName = Release;
		};
/* End XCConfigurationList section */
	};
	rootObject = 8CDB5F902A85A420009F520E /* Project object */;
}
